
Microsoft Visual Studio Solution File, Format Version 12.00
# Visual Studio Version 16
VisualStudioVersion = 16.0.30517.126
MinimumVisualStudioVersion = 10.0.40219.1
Project("{F184B08F-C81C-45F6-A57F-5ABD9991F28F}") = "svnlab6", "svnlab6\svnlab6.vbproj", "{B9C8E75E-69D0-4EE5-A6A9-07F9368EF4AE}"
EndProject
Global
	GlobalSection(SolutionConfigurationPlatforms) = preSolution
		Debug|Any CPU = Debug|Any CPU
		Release|Any CPU = Release|Any CPU
	EndGlobalSection
	GlobalSection(ProjectConfigurationPlatforms) = postSolution
		{B9C8E75E-69D0-4EE5-A6A9-07F9368EF4AE}.Debug|Any CPU.ActiveCfg = Debug|Any CPU
		{B9C8E75E-69D0-4EE5-A6A9-07F9368EF4AE}.Debug|Any CPU.Build.0 = Debug|Any CPU
		{B9C8E75E-69D0-4EE5-A6A9-07F9368EF4AE}.Release|Any CPU.ActiveCfg = Release|Any CPU
		{B9C8E75E-69D0-4EE5-A6A9-07F9368EF4AE}.Release|Any CPU.Build.0 = Release|Any CPU
	EndGlobalSection
	GlobalSection(SolutionProperties) = preSolution
		HideSolutionNode = FALSE
	EndGlobalSection
	GlobalSection(ExtensibilityGlobals) = postSolution
		SolutionGuid = {A2156CC9-53C3-48C7-A044-A4B3FFD460FD}
	EndGlobalSection
EndGlobal
